
Microsoft Visual Studio Solution File, Format Version 12.00
# Visual Studio 14
VisualStudioVersion = 14.0.23107.0
MinimumVisualStudioVersion = 10.0.40219.1
Project("{FAE04EC0-301F-11D3-BF4B-00C04F79EFBC}") = "MailNotifierPlugin", "MailNotifierPlugin\MailNotifierPlugin.csproj", "{8913C6F4-DEF5-46F0-9CD7-D4349A71D912}"
EndProject
Project("{2150E333-8FDC-42A3-9474-1A3956D46DE8}") = "Solution Items", "Solution Items", "{C15222A7-4EAE-4715-88B6-0876D49503EB}"
	ProjectSection(SolutionItems) = preProject
		README.md = README.md
	EndProjectSection
EndProject
Global
	GlobalSection(SolutionConfigurationPlatforms) = preSolution
		Debug|Any CPU = Debug|Any CPU
		Release|Any CPU = Release|Any CPU
	EndGlobalSection
	GlobalSection(ProjectConfigurationPlatforms) = postSolution
		{8913C6F4-DEF5-46F0-9CD7-D4349A71D912}.Debug|Any CPU.ActiveCfg = Debug|Any CPU
		{8913C6F4-DEF5-46F0-9CD7-D4349A71D912}.Debug|Any CPU.Build.0 = Debug|Any CPU
		{8913C6F4-DEF5-46F0-9CD7-D4349A71D912}.Release|Any CPU.ActiveCfg = Release|Any CPU
		{8913C6F4-DEF5-46F0-9CD7-D4349A71D912}.Release|Any CPU.Build.0 = Release|Any CPU
	EndGlobalSection
	GlobalSection(SolutionProperties) = preSolution
		HideSolutionNode = FALSE
	EndGlobalSection
EndGlobal
